
Microsoft Visual Studio Solution File, Format Version 12.00
# Visual Studio Version 17
VisualStudioVersion = 17.5.33516.290
MinimumVisualStudioVersion = 10.0.40219.1
Project("{8BC9CEB8-8B4A-11D0-8D11-00A0C91BC942}") = "Taskk", "Taskk\Taskk.vcxproj", "{9F1DA8F7-605A-476E-8C37-33F6144E652F}"
EndProject
Global
	GlobalSection(SolutionConfigurationPlatforms) = preSolution
		Debug|x64 = Debug|x64
		Debug|x86 = Debug|x86
		Release|x64 = Release|x64
		Release|x86 = Release|x86
	EndGlobalSection
	GlobalSection(ProjectConfigurationPlatforms) = postSolution
		{9F1DA8F7-605A-476E-8C37-33F6144E652F}.Debug|x64.ActiveCfg = Debug|x64
		{9F1DA8F7-605A-476E-8C37-33F6144E652F}.Debug|x64.Build.0 = Debug|x64
		{9F1DA8F7-605A-476E-8C37-33F6144E652F}.Debug|x86.ActiveCfg = Debug|Win32
		{9F1DA8F7-605A-476E-8C37-33F6144E652F}.Debug|x86.Build.0 = Debug|Win32
		{9F1DA8F7-605A-476E-8C37-33F6144E652F}.Release|x64.ActiveCfg = Release|x64
		{9F1DA8F7-605A-476E-8C37-33F6144E652F}.Release|x64.Build.0 = Release|x64
		{9F1DA8F7-605A-476E-8C37-33F6144E652F}.Release|x86.ActiveCfg = Release|Win32
		{9F1DA8F7-605A-476E-8C37-33F6144E652F}.Release|x86.Build.0 = Release|Win32
	EndGlobalSection
	GlobalSection(SolutionProperties) = preSolution
		HideSolutionNode = FALSE
	EndGlobalSection
	GlobalSection(ExtensibilityGlobals) = postSolution
		SolutionGuid = {9039FE13-0E5C-4279-AD95-A574A402C2CB}
	EndGlobalSection
EndGlobal
